
Microsoft Visual Studio Solution File, Format Version 12.00
Project("{FAE04EC0-301F-11D3-BF4B-00C04F79EFBC}") = "NBody", "NBody\NBody.csproj", "{7154D121-7B5C-4B6E-9F13-03194E04507C}"
EndProject
Global
	GlobalSection(SolutionConfigurationPlatforms) = preSolution
		Debug|Any CPU = Debug|Any CPU
		Release|Any CPU = Release|Any CPU
	EndGlobalSection
	GlobalSection(ProjectConfigurationPlatforms) = postSolution
		{7154D121-7B5C-4B6E-9F13-03194E04507C}.Debug|Any CPU.ActiveCfg = Debug|Any CPU
		{7154D121-7B5C-4B6E-9F13-03194E04507C}.Debug|Any CPU.Build.0 = Debug|Any CPU
		{7154D121-7B5C-4B6E-9F13-03194E04507C}.Release|Any CPU.ActiveCfg = Release|Any CPU
		{7154D121-7B5C-4B6E-9F13-03194E04507C}.Release|Any CPU.Build.0 = Release|Any CPU
	EndGlobalSection
EndGlobal
